
Microsoft Visual Studio Solution File, Format Version 12.00
# Visual Studio Version 17
VisualStudioVersion = 17.13.35825.156 d17.13
MinimumVisualStudioVersion = 10.0.40219.1
Project("{8BC9CEB8-8B4A-11D0-8D11-00A0C91BC942}") = "ikm", "ikm\ikm.vcxproj", "{890FF4B2-774C-4B34-A8D3-E05E1C5BDF43}"
EndProject
Global
	GlobalSection(SolutionConfigurationPlatforms) = preSolution
		Debug|x64 = Debug|x64
		Debug|x86 = Debug|x86
		Release|x64 = Release|x64
		Release|x86 = Release|x86
	EndGlobalSection
	GlobalSection(ProjectConfigurationPlatforms) = postSolution
		{890FF4B2-774C-4B34-A8D3-E05E1C5BDF43}.Debug|x64.ActiveCfg = Debug|x64
		{890FF4B2-774C-4B34-A8D3-E05E1C5BDF43}.Debug|x64.Build.0 = Debug|x64
		{890FF4B2-774C-4B34-A8D3-E05E1C5BDF43}.Debug|x86.ActiveCfg = Debug|Win32
		{890FF4B2-774C-4B34-A8D3-E05E1C5BDF43}.Debug|x86.Build.0 = Debug|Win32
		{890FF4B2-774C-4B34-A8D3-E05E1C5BDF43}.Release|x64.ActiveCfg = Release|x64
		{890FF4B2-774C-4B34-A8D3-E05E1C5BDF43}.Release|x64.Build.0 = Release|x64
		{890FF4B2-774C-4B34-A8D3-E05E1C5BDF43}.Release|x86.ActiveCfg = Release|Win32
		{890FF4B2-774C-4B34-A8D3-E05E1C5BDF43}.Release|x86.Build.0 = Release|Win32
	EndGlobalSection
	GlobalSection(SolutionProperties) = preSolution
		HideSolutionNode = FALSE
	EndGlobalSection
	GlobalSection(ExtensibilityGlobals) = postSolution
		SolutionGuid = {CF5BF360-08AD-43A9-B3DF-3DED232D9524}
	EndGlobalSection
EndGlobal
